
Microsoft Visual Studio Solution File, Format Version 12.00
# Visual Studio Version 16
VisualStudioVersion = 16.0.29806.167
MinimumVisualStudioVersion = 10.0.40219.1
Project("{9A19103F-16F7-4668-BE54-9A1E7A4F7556}") = "BlogNetCore", "BlogNetCore\BlogNetCore.csproj", "{59E7FC82-7E64-450E-91BA-3DC0993955E6}"
EndProject
Project("{9A19103F-16F7-4668-BE54-9A1E7A4F7556}") = "Infrastructure", "DbContext\Infrastructure.csproj", "{49C4CC33-EE9E-4391-A977-18DC270F3295}"
EndProject
Project("{9A19103F-16F7-4668-BE54-9A1E7A4F7556}") = "Services", "Services\Services.csproj", "{36036ADB-24AE-437B-8D94-C05D36C87915}"
EndProject
Global
	GlobalSection(SolutionConfigurationPlatforms) = preSolution
		Debug|Any CPU = Debug|Any CPU
		Release|Any CPU = Release|Any CPU
	EndGlobalSection
	GlobalSection(ProjectConfigurationPlatforms) = postSolution
		{59E7FC82-7E64-450E-91BA-3DC0993955E6}.Debug|Any CPU.ActiveCfg = Debug|Any CPU
		{59E7FC82-7E64-450E-91BA-3DC0993955E6}.Debug|Any CPU.Build.0 = Debug|Any CPU
		{59E7FC82-7E64-450E-91BA-3DC0993955E6}.Release|Any CPU.ActiveCfg = Release|Any CPU
		{59E7FC82-7E64-450E-91BA-3DC0993955E6}.Release|Any CPU.Build.0 = Release|Any CPU
		{49C4CC33-EE9E-4391-A977-18DC270F3295}.Debug|Any CPU.ActiveCfg = Debug|Any CPU
		{49C4CC33-EE9E-4391-A977-18DC270F3295}.Debug|Any CPU.Build.0 = Debug|Any CPU
		{49C4CC33-EE9E-4391-A977-18DC270F3295}.Release|Any CPU.ActiveCfg = Release|Any CPU
		{49C4CC33-EE9E-4391-A977-18DC270F3295}.Release|Any CPU.Build.0 = Release|Any CPU
		{36036ADB-24AE-437B-8D94-C05D36C87915}.Debug|Any CPU.ActiveCfg = Debug|Any CPU
		{36036ADB-24AE-437B-8D94-C05D36C87915}.Debug|Any CPU.Build.0 = Debug|Any CPU
		{36036ADB-24AE-437B-8D94-C05D36C87915}.Release|Any CPU.ActiveCfg = Release|Any CPU
		{36036ADB-24AE-437B-8D94-C05D36C87915}.Release|Any CPU.Build.0 = Release|Any CPU
	EndGlobalSection
	GlobalSection(SolutionProperties) = preSolution
		HideSolutionNode = FALSE
	EndGlobalSection
	GlobalSection(ExtensibilityGlobals) = postSolution
		SolutionGuid = {76AE9B14-F3F6-4568-AEB1-9878D5568D74}
	EndGlobalSection
EndGlobal
